
Microsoft Visual Studio Solution File, Format Version 12.00
# Visual Studio Version 17
VisualStudioVersion = 17.9.34728.123
MinimumVisualStudioVersion = 10.0.40219.1
Project("{9A19103F-16F7-4668-BE54-9A1E7A4F7556}") = "Send", "Send.csproj", "{F47EE745-799D-462E-A506-453A5C756FFB}"
EndProject
Project("{FAE04EC0-301F-11D3-BF4B-00C04F79EFBC}") = "Recieve", "..\Recieve\Recieve.csproj", "{FD4AD30B-27D1-422B-94C6-AB5B65B5BA91}"
EndProject
Global
	GlobalSection(SolutionConfigurationPlatforms) = preSolution
		Debug|Any CPU = Debug|Any CPU
		Release|Any CPU = Release|Any CPU
	EndGlobalSection
	GlobalSection(ProjectConfigurationPlatforms) = postSolution
		{F47EE745-799D-462E-A506-453A5C756FFB}.Debug|Any CPU.ActiveCfg = Debug|Any CPU
		{F47EE745-799D-462E-A506-453A5C756FFB}.Debug|Any CPU.Build.0 = Debug|Any CPU
		{F47EE745-799D-462E-A506-453A5C756FFB}.Release|Any CPU.ActiveCfg = Release|Any CPU
		{F47EE745-799D-462E-A506-453A5C756FFB}.Release|Any CPU.Build.0 = Release|Any CPU
		{FD4AD30B-27D1-422B-94C6-AB5B65B5BA91}.Debug|Any CPU.ActiveCfg = Debug|Any CPU
		{FD4AD30B-27D1-422B-94C6-AB5B65B5BA91}.Debug|Any CPU.Build.0 = Debug|Any CPU
		{FD4AD30B-27D1-422B-94C6-AB5B65B5BA91}.Release|Any CPU.ActiveCfg = Release|Any CPU
		{FD4AD30B-27D1-422B-94C6-AB5B65B5BA91}.Release|Any CPU.Build.0 = Release|Any CPU
	EndGlobalSection
	GlobalSection(SolutionProperties) = preSolution
		HideSolutionNode = FALSE
	EndGlobalSection
	GlobalSection(ExtensibilityGlobals) = postSolution
		SolutionGuid = {8018064E-F36C-44EF-AD31-0B4E4E4D782E}
	EndGlobalSection
EndGlobal
